
Microsoft Visual Studio Solution File, Format Version 12.00
Project("{2150E333-8FDC-42A3-9474-1A3956D46DE8}") = "NSwag", "NSwag", "{AD6A0DC7-5F2C-47CB-90BF-F9F5D825FC8B}"
EndProject
Project("{2150E333-8FDC-42A3-9474-1A3956D46DE8}") = "NJsonSchema", "NJsonSchema", "{A416F232-4E60-418F-BF27-F83D1CFA2DD2}"
EndProject
Project("{FAE04EC0-301F-11D3-BF4B-00C04F79EFBC}") = "NJsonSchema", "NJsonSchema\src\NJsonSchema\NJsonSchema.csproj", "{9651153D-7B65-4B03-9AE0-165392188396}"
EndProject
Project("{FAE04EC0-301F-11D3-BF4B-00C04F79EFBC}") = "NJsonSchema.CodeGeneration.TypeScript", "NJsonSchema\src\NJsonSchema.CodeGeneration.TypeScript\NJsonSchema.CodeGeneration.TypeScript.csproj", "{0C40C0B1-8B8C-4D13-82BD-8BD15A4B64F2}"
EndProject
Project("{FAE04EC0-301F-11D3-BF4B-00C04F79EFBC}") = "NJsonSchema.CodeGeneration", "NJsonSchema\src\NJsonSchema.CodeGeneration\NJsonSchema.CodeGeneration.csproj", "{9916FA0E-CD14-48C4-B60B-5C89C3985134}"
EndProject
Project("{FAE04EC0-301F-11D3-BF4B-00C04F79EFBC}") = "NSwag.Core", "NSwag\src\NSwag.Core\NSwag.Core.csproj", "{A0AB3943-586B-4BF7-9099-2E32C4C010BC}"
EndProject
Project("{FAE04EC0-301F-11D3-BF4B-00C04F79EFBC}") = "NSwag.CodeGeneration", "NSwag\src\NSwag.CodeGeneration\NSwag.CodeGeneration.csproj", "{56649855-84F4-4B10-863D-A10F920F854F}"
EndProject
Project("{FAE04EC0-301F-11D3-BF4B-00C04F79EFBC}") = "NSwag.CodeGeneration.TypeScript", "NSwag\src\NSwag.CodeGeneration.TypeScript\NSwag.CodeGeneration.TypeScript.csproj", "{6C46C09C-F05C-4E40-9CE2-82C27B06F559}"
EndProject
Project("{FAE04EC0-301F-11D3-BF4B-00C04F79EFBC}") = "CodeGeneration.Tests", "CodeGeneration.Tests\CodeGeneration.Tests.csproj", "{6C7F3A5F-F8A6-41C5-AEC5-21C75169D0DC}"
EndProject
Project("{FAE04EC0-301F-11D3-BF4B-00C04F79EFBC}") = "NJsonSchema.CodeGeneration.TypeScript.Tests", "NJsonSchema\src\NJsonSchema.CodeGeneration.TypeScript.Tests\NJsonSchema.CodeGeneration.TypeScript.Tests.csproj", "{17E23EB2-2876-494F-AD8B-6C9046E4D976}"
EndProject
Project("{FAE04EC0-301F-11D3-BF4B-00C04F79EFBC}") = "NSwag.CodeGeneration.TypeScript.Tests", "NSwag\src\NSwag.CodeGeneration.TypeScript.Tests\NSwag.CodeGeneration.TypeScript.Tests.csproj", "{8C0EE761-3FC7-4AA1-8F51-ABF22B7AB9D0}"
EndProject
Project("{FAE04EC0-301F-11D3-BF4B-00C04F79EFBC}") = "NSwag.AspNetCore.Launcher", "NSwag\src\NSwag.AspNetCore.Launcher\NSwag.AspNetCore.Launcher.csproj", "{3FCE0EE4-730B-49D2-942B-A4060603C4B4}"
EndProject
Project("{FAE04EC0-301F-11D3-BF4B-00C04F79EFBC}") = "NSwag.Console", "NSwag.Console\NSwag.Console.csproj", "{FE63300A-7717-4F00-ABAC-61C3C9D4EC9F}"
EndProject
Project("{2150E333-8FDC-42A3-9474-1A3956D46DE8}") = ".ci", ".ci", "{E255DA54-6FBB-478F-8897-1810CE825C40}"
	ProjectSection(SolutionItems) = preProject
		package.json = package.json
	EndProjectSection
EndProject
Global
	GlobalSection(SolutionConfigurationPlatforms) = preSolution
		Debug|Any CPU = Debug|Any CPU
		Release|Any CPU = Release|Any CPU
	EndGlobalSection
	GlobalSection(ProjectConfigurationPlatforms) = postSolution
		{9651153D-7B65-4B03-9AE0-165392188396}.Debug|Any CPU.ActiveCfg = Debug|Any CPU
		{9651153D-7B65-4B03-9AE0-165392188396}.Debug|Any CPU.Build.0 = Debug|Any CPU
		{9651153D-7B65-4B03-9AE0-165392188396}.Release|Any CPU.ActiveCfg = Release|Any CPU
		{9651153D-7B65-4B03-9AE0-165392188396}.Release|Any CPU.Build.0 = Release|Any CPU
		{0C40C0B1-8B8C-4D13-82BD-8BD15A4B64F2}.Debug|Any CPU.ActiveCfg = Debug|Any CPU
		{0C40C0B1-8B8C-4D13-82BD-8BD15A4B64F2}.Debug|Any CPU.Build.0 = Debug|Any CPU
		{0C40C0B1-8B8C-4D13-82BD-8BD15A4B64F2}.Release|Any CPU.ActiveCfg = Release|Any CPU
		{0C40C0B1-8B8C-4D13-82BD-8BD15A4B64F2}.Release|Any CPU.Build.0 = Release|Any CPU
		{9916FA0E-CD14-48C4-B60B-5C89C3985134}.Debug|Any CPU.ActiveCfg = Debug|Any CPU
		{9916FA0E-CD14-48C4-B60B-5C89C3985134}.Debug|Any CPU.Build.0 = Debug|Any CPU
		{9916FA0E-CD14-48C4-B60B-5C89C3985134}.Release|Any CPU.ActiveCfg = Release|Any CPU
		{9916FA0E-CD14-48C4-B60B-5C89C3985134}.Release|Any CPU.Build.0 = Release|Any CPU
		{A0AB3943-586B-4BF7-9099-2E32C4C010BC}.Debug|Any CPU.ActiveCfg = Debug|Any CPU
		{A0AB3943-586B-4BF7-9099-2E32C4C010BC}.Debug|Any CPU.Build.0 = Debug|Any CPU
		{A0AB3943-586B-4BF7-9099-2E32C4C010BC}.Release|Any CPU.ActiveCfg = Release|Any CPU
		{A0AB3943-586B-4BF7-9099-2E32C4C010BC}.Release|Any CPU.Build.0 = Release|Any CPU
		{56649855-84F4-4B10-863D-A10F920F854F}.Debug|Any CPU.ActiveCfg = Debug|Any CPU
		{56649855-84F4-4B10-863D-A10F920F854F}.Debug|Any CPU.Build.0 = Debug|Any CPU
		{56649855-84F4-4B10-863D-A10F920F854F}.Release|Any CPU.ActiveCfg = Release|Any CPU
		{56649855-84F4-4B10-863D-A10F920F854F}.Release|Any CPU.Build.0 = Release|Any CPU
		{6C46C09C-F05C-4E40-9CE2-82C27B06F559}.Debug|Any CPU.ActiveCfg = Debug|Any CPU
		{6C46C09C-F05C-4E40-9CE2-82C27B06F559}.Debug|Any CPU.Build.0 = Debug|Any CPU
		{6C46C09C-F05C-4E40-9CE2-82C27B06F559}.Release|Any CPU.ActiveCfg = Release|Any CPU
		{6C46C09C-F05C-4E40-9CE2-82C27B06F559}.Release|Any CPU.Build.0 = Release|Any CPU
		{6C7F3A5F-F8A6-41C5-AEC5-21C75169D0DC}.Debug|Any CPU.ActiveCfg = Debug|Any CPU
		{6C7F3A5F-F8A6-41C5-AEC5-21C75169D0DC}.Debug|Any CPU.Build.0 = Debug|Any CPU
		{6C7F3A5F-F8A6-41C5-AEC5-21C75169D0DC}.Release|Any CPU.ActiveCfg = Release|Any CPU
		{6C7F3A5F-F8A6-41C5-AEC5-21C75169D0DC}.Release|Any CPU.Build.0 = Release|Any CPU
		{17E23EB2-2876-494F-AD8B-6C9046E4D976}.Debug|Any CPU.ActiveCfg = Debug|Any CPU
		{17E23EB2-2876-494F-AD8B-6C9046E4D976}.Debug|Any CPU.Build.0 = Debug|Any CPU
		{17E23EB2-2876-494F-AD8B-6C9046E4D976}.Release|Any CPU.ActiveCfg = Release|Any CPU
		{17E23EB2-2876-494F-AD8B-6C9046E4D976}.Release|Any CPU.Build.0 = Release|Any CPU
		{8C0EE761-3FC7-4AA1-8F51-ABF22B7AB9D0}.Debug|Any CPU.ActiveCfg = Debug|Any CPU
		{8C0EE761-3FC7-4AA1-8F51-ABF22B7AB9D0}.Debug|Any CPU.Build.0 = Debug|Any CPU
		{8C0EE761-3FC7-4AA1-8F51-ABF22B7AB9D0}.Release|Any CPU.ActiveCfg = Release|Any CPU
		{8C0EE761-3FC7-4AA1-8F51-ABF22B7AB9D0}.Release|Any CPU.Build.0 = Release|Any CPU
		{3FCE0EE4-730B-49D2-942B-A4060603C4B4}.Debug|Any CPU.ActiveCfg = Debug|Any CPU
		{3FCE0EE4-730B-49D2-942B-A4060603C4B4}.Debug|Any CPU.Build.0 = Debug|Any CPU
		{3FCE0EE4-730B-49D2-942B-A4060603C4B4}.Release|Any CPU.ActiveCfg = Release|Any CPU
		{3FCE0EE4-730B-49D2-942B-A4060603C4B4}.Release|Any CPU.Build.0 = Release|Any CPU
		{FE63300A-7717-4F00-ABAC-61C3C9D4EC9F}.Debug|Any CPU.ActiveCfg = Debug|Any CPU
		{FE63300A-7717-4F00-ABAC-61C3C9D4EC9F}.Debug|Any CPU.Build.0 = Debug|Any CPU
		{FE63300A-7717-4F00-ABAC-61C3C9D4EC9F}.Release|Any CPU.ActiveCfg = Release|Any CPU
		{FE63300A-7717-4F00-ABAC-61C3C9D4EC9F}.Release|Any CPU.Build.0 = Release|Any CPU
	EndGlobalSection
	GlobalSection(NestedProjects) = preSolution
		{9651153D-7B65-4B03-9AE0-165392188396} = {A416F232-4E60-418F-BF27-F83D1CFA2DD2}
		{0C40C0B1-8B8C-4D13-82BD-8BD15A4B64F2} = {A416F232-4E60-418F-BF27-F83D1CFA2DD2}
		{9916FA0E-CD14-48C4-B60B-5C89C3985134} = {A416F232-4E60-418F-BF27-F83D1CFA2DD2}
		{A0AB3943-586B-4BF7-9099-2E32C4C010BC} = {AD6A0DC7-5F2C-47CB-90BF-F9F5D825FC8B}
		{56649855-84F4-4B10-863D-A10F920F854F} = {AD6A0DC7-5F2C-47CB-90BF-F9F5D825FC8B}
		{6C46C09C-F05C-4E40-9CE2-82C27B06F559} = {AD6A0DC7-5F2C-47CB-90BF-F9F5D825FC8B}
		{17E23EB2-2876-494F-AD8B-6C9046E4D976} = {A416F232-4E60-418F-BF27-F83D1CFA2DD2}
		{8C0EE761-3FC7-4AA1-8F51-ABF22B7AB9D0} = {AD6A0DC7-5F2C-47CB-90BF-F9F5D825FC8B}
		{3FCE0EE4-730B-49D2-942B-A4060603C4B4} = {AD6A0DC7-5F2C-47CB-90BF-F9F5D825FC8B}
	EndGlobalSection
EndGlobal
